lockfileVersion: '9.0'

settings:
  autoInstallPeers: true
  excludeLinksFromLockfile: false

importers:

  .:
    dependencies:
      fast-xml-parser:
        specifier: ^5.9.3
        version: 5.9.3

packages:

  '@nodable/entities@2.2.0':
    resolution: {integrity: sha512-9uGyhaQavEUMC8AIddIjau4NsnsXhou+j5sBAGojCM1oxmQpVKTWR/9JxABD6UAv12vpIms55fPZKFQEhG6uBg==}

  anynum@1.0.1:
    resolution: {integrity: sha512-N6//FLET/tXYNM/F6ABca1oH6fWB+KlTt909Le28WMDBk8oaT4vY17DCrwg2MvmuqUKt3Ni4N5dGJ/EoBgcO6A==}

  fast-xml-builder@1.2.0:
    resolution: {integrity: sha512-00aAWieqff+ZJhsXA4g1g7M8k+7AYoMUUHF+/zFb5U6Uv/P0Vl4QZo84/IcufzYalLuEj9928bXN9PbbFzMF0Q==}

  fast-xml-parser@5.9.3:
    resolution: {integrity: sha512-brCNCeScma/kqa54J4PIDriSSSLssRkuYaUCpvHJulGc3HGI/xxKUCTDcYkAdqJsyb//ydpbxecjC3hB9+tb/g==}
    hasBin: true

  is-unsafe@1.0.1:
    resolution: {integrity: sha512-CLK2+VdgERgD96EYm5lUQssZYlRg2tkZnbsxZoacmSiRxiFJ4Nk4SzjCl+Ur+v3kXIY9dTIdb3IH22y1mZ56LA==}

  path-expression-matcher@1.6.1:
    resolution: {integrity: sha512-h7bxdzhHk8Knyc4Tj+jMaa7fEEoUJy7p1qtbVgkYg1Uhpe5Np5VuGXCRZnkZvU+Q42M1vStt0ifa3ueykRJPmQ==}
    engines: {node: '>=14.0.0'}

  strnum@2.4.1:
    resolution: {integrity: sha512-M9eUSMT2dCB2cTNPG7UYj6KuK7RJR2SN2+yCV/fTW3xzTCS6EaGZ5pSMgDIjB7r8zSfTGk+dvvn9rTjpVS9Mwg==}

  xml-naming@0.1.0:
    resolution: {integrity: sha512-k8KO9hrMyNk6tUWqUfkTEZbezRRpONVOzUTnc97VnCvyj6Tf9lyUR9EDAIeiVLv56jsMcoXEwjW8Kv5yPY52lw==}
    engines: {node: '>=16.0.0'}

snapshots:

  '@nodable/entities@2.2.0': {}

  anynum@1.0.1: {}

  fast-xml-builder@1.2.0:
    dependencies:
      path-expression-matcher: 1.6.1
      xml-naming: 0.1.0

  fast-xml-parser@5.9.3:
    dependencies:
      '@nodable/entities': 2.2.0
      fast-xml-builder: 1.2.0
      is-unsafe: 1.0.1
      path-expression-matcher: 1.6.1
      strnum: 2.4.1
      xml-naming: 0.1.0

  is-unsafe@1.0.1: {}

  path-expression-matcher@1.6.1: {}

  strnum@2.4.1:
    dependencies:
      anynum: 1.0.1

  xml-naming@0.1.0: {}
